
Microsoft Visual Studio Solution File, Format Version 12.00
# Visual Studio 15
VisualStudioVersion = 15.0.28307.106
MinimumVisualStudioVersion = 10.0.40219.1
Project("{2150E333-8FDC-42A3-9474-1A3956D46DE8}") = "WebApps", "WebApps", "{6B303705-CEE4-451F-B9CA-0D05E562482E}"
EndProject
Project("{2150E333-8FDC-42A3-9474-1A3956D46DE8}") = "Services", "Services", "{EE31E3F6-28C2-4DD3-91C1-191327DC5C57}"
EndProject
Project("{2150E333-8FDC-42A3-9474-1A3956D46DE8}") = "BuildingBlocks", "BuildingBlocks", "{0F86868D-81D0-4C9D-99EF-09EE61EA55BC}"
EndProject
Project("{9A19103F-16F7-4668-BE54-9A1E7A4F7556}") = "WebHost.Customization", "BuildingBlocks\WebHost.Customization\WebHost.Customization.csproj", "{43085C55-8382-4E2E-9647-C36AC69D6B12}"
EndProject
Project("{9A19103F-16F7-4668-BE54-9A1E7A4F7556}") = "article.API", "Service\article.API\article.API.csproj", "{2D902C89-C9FD-4D5D-A496-ABAC9DE95BE4}"
EndProject
Project("{9A19103F-16F7-4668-BE54-9A1E7A4F7556}") = "Identity.API", "Service\Identity.API\Identity.API.csproj", "{14FBEBE3-B417-46C9-A9C4-BC6764CEF755}"
EndProject
Project("{9A19103F-16F7-4668-BE54-9A1E7A4F7556}") = "WebMVC", "Web Apps\WebMVC\WebMVC.csproj", "{4D5CDC7B-429A-4B04-AAB7-E5E79D6B0EAF}"
EndProject
Project("{2150E333-8FDC-42A3-9474-1A3956D46DE8}") = "EventBus", "EventBus", "{3FB07CEE-B902-4EA3-A835-41D190DD2F61}"
EndProject
Project("{9A19103F-16F7-4668-BE54-9A1E7A4F7556}") = "EventBus", "BuildingBlocks\EventBus\EventBus\EventBus.csproj", "{2CCF33CE-9BA3-4BCE-A33E-911CF49A88F0}"
EndProject
Project("{9A19103F-16F7-4668-BE54-9A1E7A4F7556}") = "EventBusRabbitMQ", "BuildingBlocks\EventBus\EventBusRabbitMQ\EventBusRabbitMQ.csproj", "{5631A8B1-70D4-42E0-8C75-6307198145B0}"
EndProject
Project("{9A19103F-16F7-4668-BE54-9A1E7A4F7556}") = "EventBusServiceBus", "BuildingBlocks\EventBus\EventBusServiceBus\EventBusServiceBus.csproj", "{2AAD20EE-D9FA-4D28-B0C4-0A75BEC7BA9B}"
EndProject
Project("{9A19103F-16F7-4668-BE54-9A1E7A4F7556}") = "IntegrationEventLogEF", "BuildingBlocks\EventBus\IntegrationEventLogEF\IntegrationEventLogEF.csproj", "{CA0134AD-0D7F-4A92-8E85-F3165BE0A93E}"
EndProject
Project("{2150E333-8FDC-42A3-9474-1A3956D46DE8}") = "Ace", "Ace", "{4A679C3F-D6D3-4A86-BA60-EF42DD3887F3}"
EndProject
Project("{9A19103F-16F7-4668-BE54-9A1E7A4F7556}") = "Ace", "BuildingBlocks\Ace\Ace\Ace.csproj", "{4642EB2A-DAD0-4955-BBC6-F5A5BA3863E2}"
EndProject
Project("{9A19103F-16F7-4668-BE54-9A1E7A4F7556}") = "Ace.AutoMapper", "BuildingBlocks\Ace\Ace.AutoMapper\Ace.AutoMapper.csproj", "{AF824FB9-069A-4568-B28C-512AAF2AF517}"
EndProject
Project("{9A19103F-16F7-4668-BE54-9A1E7A4F7556}") = "Ace.Web", "BuildingBlocks\Ace\Ace.Web\Ace.Web.csproj", "{529E404E-DEF7-4215-BFF4-ED098307837C}"
EndProject
Project("{9A19103F-16F7-4668-BE54-9A1E7A4F7556}") = "Ace.Web.Mvc", "BuildingBlocks\Ace\Ace.Web.Mvc\Ace.Web.Mvc.csproj", "{1522A295-6F45-4FAE-9469-6ACCF037CC89}"
EndProject
Project("{9A19103F-16F7-4668-BE54-9A1E7A4F7556}") = "DotNetEx", "BuildingBlocks\Ace\DotNetEx\DotNetEx.csproj", "{2177AB4D-322B-470A-A317-BC6C3985BF79}"
EndProject
Project("{9A19103F-16F7-4668-BE54-9A1E7A4F7556}") = "Web.Admin", "Web Apps\Web.Admin\Web.Admin.csproj", "{044EF6D2-9AF0-4B5D-BD23-016ECDCF6B5C}"
EndProject
Global
	GlobalSection(SolutionConfigurationPlatforms) = preSolution
		Debug|Any CPU = Debug|Any CPU
		Release|Any CPU = Release|Any CPU
	EndGlobalSection
	GlobalSection(ProjectConfigurationPlatforms) = postSolution
		{43085C55-8382-4E2E-9647-C36AC69D6B12}.Debug|Any CPU.ActiveCfg = Debug|Any CPU
		{43085C55-8382-4E2E-9647-C36AC69D6B12}.Debug|Any CPU.Build.0 = Debug|Any CPU
		{43085C55-8382-4E2E-9647-C36AC69D6B12}.Release|Any CPU.ActiveCfg = Release|Any CPU
		{43085C55-8382-4E2E-9647-C36AC69D6B12}.Release|Any CPU.Build.0 = Release|Any CPU
		{2D902C89-C9FD-4D5D-A496-ABAC9DE95BE4}.Debug|Any CPU.ActiveCfg = Debug|Any CPU
		{2D902C89-C9FD-4D5D-A496-ABAC9DE95BE4}.Debug|Any CPU.Build.0 = Debug|Any CPU
		{2D902C89-C9FD-4D5D-A496-ABAC9DE95BE4}.Release|Any CPU.ActiveCfg = Release|Any CPU
		{2D902C89-C9FD-4D5D-A496-ABAC9DE95BE4}.Release|Any CPU.Build.0 = Release|Any CPU
		{14FBEBE3-B417-46C9-A9C4-BC6764CEF755}.Debug|Any CPU.ActiveCfg = Debug|Any CPU
		{14FBEBE3-B417-46C9-A9C4-BC6764CEF755}.Debug|Any CPU.Build.0 = Debug|Any CPU
		{14FBEBE3-B417-46C9-A9C4-BC6764CEF755}.Release|Any CPU.ActiveCfg = Release|Any CPU
		{14FBEBE3-B417-46C9-A9C4-BC6764CEF755}.Release|Any CPU.Build.0 = Release|Any CPU
		{4D5CDC7B-429A-4B04-AAB7-E5E79D6B0EAF}.Debug|Any CPU.ActiveCfg = Debug|Any CPU
		{4D5CDC7B-429A-4B04-AAB7-E5E79D6B0EAF}.Debug|Any CPU.Build.0 = Debug|Any CPU
		{4D5CDC7B-429A-4B04-AAB7-E5E79D6B0EAF}.Release|Any CPU.ActiveCfg = Release|Any CPU
		{4D5CDC7B-429A-4B04-AAB7-E5E79D6B0EAF}.Release|Any CPU.Build.0 = Release|Any CPU
		{2CCF33CE-9BA3-4BCE-A33E-911CF49A88F0}.Debug|Any CPU.ActiveCfg = Debug|Any CPU
		{2CCF33CE-9BA3-4BCE-A33E-911CF49A88F0}.Debug|Any CPU.Build.0 = Debug|Any CPU
		{2CCF33CE-9BA3-4BCE-A33E-911CF49A88F0}.Release|Any CPU.ActiveCfg = Release|Any CPU
		{2CCF33CE-9BA3-4BCE-A33E-911CF49A88F0}.Release|Any CPU.Build.0 = Release|Any CPU
		{5631A8B1-70D4-42E0-8C75-6307198145B0}.Debug|Any CPU.ActiveCfg = Debug|Any CPU
		{5631A8B1-70D4-42E0-8C75-6307198145B0}.Debug|Any CPU.Build.0 = Debug|Any CPU
		{5631A8B1-70D4-42E0-8C75-6307198145B0}.Release|Any CPU.ActiveCfg = Release|Any CPU
		{5631A8B1-70D4-42E0-8C75-6307198145B0}.Release|Any CPU.Build.0 = Release|Any CPU
		{2AAD20EE-D9FA-4D28-B0C4-0A75BEC7BA9B}.Debug|Any CPU.ActiveCfg = Debug|Any CPU
		{2AAD20EE-D9FA-4D28-B0C4-0A75BEC7BA9B}.Debug|Any CPU.Build.0 = Debug|Any CPU
		{2AAD20EE-D9FA-4D28-B0C4-0A75BEC7BA9B}.Release|Any CPU.ActiveCfg = Release|Any CPU
		{2AAD20EE-D9FA-4D28-B0C4-0A75BEC7BA9B}.Release|Any CPU.Build.0 = Release|Any CPU
		{CA0134AD-0D7F-4A92-8E85-F3165BE0A93E}.Debug|Any CPU.ActiveCfg = Debug|Any CPU
		{CA0134AD-0D7F-4A92-8E85-F3165BE0A93E}.Debug|Any CPU.Build.0 = Debug|Any CPU
		{CA0134AD-0D7F-4A92-8E85-F3165BE0A93E}.Release|Any CPU.ActiveCfg = Release|Any CPU
		{CA0134AD-0D7F-4A92-8E85-F3165BE0A93E}.Release|Any CPU.Build.0 = Release|Any CPU
		{4642EB2A-DAD0-4955-BBC6-F5A5BA3863E2}.Debug|Any CPU.ActiveCfg = Debug|Any CPU
		{4642EB2A-DAD0-4955-BBC6-F5A5BA3863E2}.Debug|Any CPU.Build.0 = Debug|Any CPU
		{4642EB2A-DAD0-4955-BBC6-F5A5BA3863E2}.Release|Any CPU.ActiveCfg = Release|Any CPU
		{4642EB2A-DAD0-4955-BBC6-F5A5BA3863E2}.Release|Any CPU.Build.0 = Release|Any CPU
		{AF824FB9-069A-4568-B28C-512AAF2AF517}.Debug|Any CPU.ActiveCfg = Debug|Any CPU
		{AF824FB9-069A-4568-B28C-512AAF2AF517}.Debug|Any CPU.Build.0 = Debug|Any CPU
		{AF824FB9-069A-4568-B28C-512AAF2AF517}.Release|Any CPU.ActiveCfg = Release|Any CPU
		{AF824FB9-069A-4568-B28C-512AAF2AF517}.Release|Any CPU.Build.0 = Release|Any CPU
		{529E404E-DEF7-4215-BFF4-ED098307837C}.Debug|Any CPU.ActiveCfg = Debug|Any CPU
		{529E404E-DEF7-4215-BFF4-ED098307837C}.Debug|Any CPU.Build.0 = Debug|Any CPU
		{529E404E-DEF7-4215-BFF4-ED098307837C}.Release|Any CPU.ActiveCfg = Release|Any CPU
		{529E404E-DEF7-4215-BFF4-ED098307837C}.Release|Any CPU.Build.0 = Release|Any CPU
		{1522A295-6F45-4FAE-9469-6ACCF037CC89}.Debug|Any CPU.ActiveCfg = Debug|Any CPU
		{1522A295-6F45-4FAE-9469-6ACCF037CC89}.Debug|Any CPU.Build.0 = Debug|Any CPU
		{1522A295-6F45-4FAE-9469-6ACCF037CC89}.Release|Any CPU.ActiveCfg = Release|Any CPU
		{1522A295-6F45-4FAE-9469-6ACCF037CC89}.Release|Any CPU.Build.0 = Release|Any CPU
		{2177AB4D-322B-470A-A317-BC6C3985BF79}.Debug|Any CPU.ActiveCfg = Debug|Any CPU
		{2177AB4D-322B-470A-A317-BC6C3985BF79}.Debug|Any CPU.Build.0 = Debug|Any CPU
		{2177AB4D-322B-470A-A317-BC6C3985BF79}.Release|Any CPU.ActiveCfg = Release|Any CPU
		{2177AB4D-322B-470A-A317-BC6C3985BF79}.Release|Any CPU.Build.0 = Release|Any CPU
		{044EF6D2-9AF0-4B5D-BD23-016ECDCF6B5C}.Debug|Any CPU.ActiveCfg = Debug|Any CPU
		{044EF6D2-9AF0-4B5D-BD23-016ECDCF6B5C}.Debug|Any CPU.Build.0 = Debug|Any CPU
		{044EF6D2-9AF0-4B5D-BD23-016ECDCF6B5C}.Release|Any CPU.ActiveCfg = Release|Any CPU
		{044EF6D2-9AF0-4B5D-BD23-016ECDCF6B5C}.Release|Any CPU.Build.0 = Release|Any CPU
	EndGlobalSection
	GlobalSection(SolutionProperties) = preSolution
		HideSolutionNode = FALSE
	EndGlobalSection
	GlobalSection(NestedProjects) = preSolution
		{43085C55-8382-4E2E-9647-C36AC69D6B12} = {0F86868D-81D0-4C9D-99EF-09EE61EA55BC}
		{2D902C89-C9FD-4D5D-A496-ABAC9DE95BE4} = {EE31E3F6-28C2-4DD3-91C1-191327DC5C57}
		{14FBEBE3-B417-46C9-A9C4-BC6764CEF755} = {EE31E3F6-28C2-4DD3-91C1-191327DC5C57}
		{4D5CDC7B-429A-4B04-AAB7-E5E79D6B0EAF} = {6B303705-CEE4-451F-B9CA-0D05E562482E}
		{3FB07CEE-B902-4EA3-A835-41D190DD2F61} = {0F86868D-81D0-4C9D-99EF-09EE61EA55BC}
		{2CCF33CE-9BA3-4BCE-A33E-911CF49A88F0} = {3FB07CEE-B902-4EA3-A835-41D190DD2F61}
		{5631A8B1-70D4-42E0-8C75-6307198145B0} = {3FB07CEE-B902-4EA3-A835-41D190DD2F61}
		{2AAD20EE-D9FA-4D28-B0C4-0A75BEC7BA9B} = {3FB07CEE-B902-4EA3-A835-41D190DD2F61}
		{CA0134AD-0D7F-4A92-8E85-F3165BE0A93E} = {3FB07CEE-B902-4EA3-A835-41D190DD2F61}
		{4A679C3F-D6D3-4A86-BA60-EF42DD3887F3} = {0F86868D-81D0-4C9D-99EF-09EE61EA55BC}
		{4642EB2A-DAD0-4955-BBC6-F5A5BA3863E2} = {4A679C3F-D6D3-4A86-BA60-EF42DD3887F3}
		{AF824FB9-069A-4568-B28C-512AAF2AF517} = {4A679C3F-D6D3-4A86-BA60-EF42DD3887F3}
		{529E404E-DEF7-4215-BFF4-ED098307837C} = {4A679C3F-D6D3-4A86-BA60-EF42DD3887F3}
		{1522A295-6F45-4FAE-9469-6ACCF037CC89} = {4A679C3F-D6D3-4A86-BA60-EF42DD3887F3}
		{2177AB4D-322B-470A-A317-BC6C3985BF79} = {4A679C3F-D6D3-4A86-BA60-EF42DD3887F3}
		{044EF6D2-9AF0-4B5D-BD23-016ECDCF6B5C} = {6B303705-CEE4-451F-B9CA-0D05E562482E}
	EndGlobalSection
	GlobalSection(ExtensibilityGlobals) = postSolution
		SolutionGuid = {CC4FAC5B-0A16-43A8-90BD-CA0A34B29E69}
	EndGlobalSection
EndGlobal
